
Microsoft Visual Studio Solution File, Format Version 12.00
# Visual Studio 2015
Project("{FAE04EC0-301F-11D3-BF4B-00C04F79EFBC}") = "unity-chai3d-master.Plugins", "unity-chai3d-master.Plugins.csproj", "{A596B0A3-CF28-50CF-1F5A-68A3E101750C}"
EndProject
Project("{FAE04EC0-301F-11D3-BF4B-00C04F79EFBC}") = "unity-chai3d-master", "unity-chai3d-master.csproj", "{80356449-FEBA-66AC-15B3-4D3B69BF2685}"
EndProject
Global
	GlobalSection(SolutionConfigurationPlatforms) = preSolution
		Debug|Any CPU = Debug|Any CPU
		Release|Any CPU = Release|Any CPU
	EndGlobalSection
	GlobalSection(ProjectConfigurationPlatforms) = postSolution
		{A596B0A3-CF28-50CF-1F5A-68A3E101750C}.Debug|Any CPU.ActiveCfg = Debug|Any CPU
		{A596B0A3-CF28-50CF-1F5A-68A3E101750C}.Debug|Any CPU.Build.0 = Debug|Any CPU
		{A596B0A3-CF28-50CF-1F5A-68A3E101750C}.Release|Any CPU.ActiveCfg = Release|Any CPU
		{A596B0A3-CF28-50CF-1F5A-68A3E101750C}.Release|Any CPU.Build.0 = Release|Any CPU
		{80356449-FEBA-66AC-15B3-4D3B69BF2685}.Debug|Any CPU.ActiveCfg = Debug|Any CPU
		{80356449-FEBA-66AC-15B3-4D3B69BF2685}.Debug|Any CPU.Build.0 = Debug|Any CPU
		{80356449-FEBA-66AC-15B3-4D3B69BF2685}.Release|Any CPU.ActiveCfg = Release|Any CPU
		{80356449-FEBA-66AC-15B3-4D3B69BF2685}.Release|Any CPU.Build.0 = Release|Any CPU
	EndGlobalSection
	GlobalSection(SolutionProperties) = preSolution
		HideSolutionNode = FALSE
	EndGlobalSection
EndGlobal
